
Microsoft Visual Studio Solution File, Format Version 12.00
# Visual Studio Version 16
VisualStudioVersion = 16.0.29519.181
MinimumVisualStudioVersion = 10.0.40219.1
Project("{FAE04EC0-301F-11D3-BF4B-00C04F79EFBC}") = "AnalizatorSzereguPotęgowego_Huseyin_Gulecen", "AnalizatorSzereguPotęgowego_Huseyin_Gulecen\AnalizatorSzereguPotęgowego_Huseyin_Gulecen.csproj", "{4237BFBE-DF0E-4C9F-A9EC-E7AB290E5FB1}"
EndProject
Global
	GlobalSection(SolutionConfigurationPlatforms) = preSolution
		Debug|Any CPU = Debug|Any CPU
		Release|Any CPU = Release|Any CPU
	EndGlobalSection
	GlobalSection(ProjectConfigurationPlatforms) = postSolution
		{4237BFBE-DF0E-4C9F-A9EC-E7AB290E5FB1}.Debug|Any CPU.ActiveCfg = Debug|Any CPU
		{4237BFBE-DF0E-4C9F-A9EC-E7AB290E5FB1}.Debug|Any CPU.Build.0 = Debug|Any CPU
		{4237BFBE-DF0E-4C9F-A9EC-E7AB290E5FB1}.Release|Any CPU.ActiveCfg = Release|Any CPU
		{4237BFBE-DF0E-4C9F-A9EC-E7AB290E5FB1}.Release|Any CPU.Build.0 = Release|Any CPU
	EndGlobalSection
	GlobalSection(SolutionProperties) = preSolution
		HideSolutionNode = FALSE
	EndGlobalSection
	GlobalSection(ExtensibilityGlobals) = postSolution
		SolutionGuid = {14DB6661-D6D2-4C72-B883-30CFC9C7B14B}
	EndGlobalSection
EndGlobal
